
Microsoft Visual Studio Solution File, Format Version 12.00
# Visual Studio Version 17
VisualStudioVersion = 17.14.36705.20 d17.14
MinimumVisualStudioVersion = 10.0.40219.1
Project("{FAE04EC0-301F-11D3-BF4B-00C04F79EFBC}") = "VoterSearchApp", "VoterSearchApp\VoterSearchApp.csproj", "{798870D3-7696-4DD4-A047-1E40FE0B9310}"
EndProject
Global
	GlobalSection(SolutionConfigurationPlatforms) = preSolution
		Debug|Any CPU = Debug|Any CPU
		Release|Any CPU = Release|Any CPU
	EndGlobalSection
	GlobalSection(ProjectConfigurationPlatforms) = postSolution
		{798870D3-7696-4DD4-A047-1E40FE0B9310}.Debug|Any CPU.ActiveCfg = Debug|Any CPU
		{798870D3-7696-4DD4-A047-1E40FE0B9310}.Debug|Any CPU.Build.0 = Debug|Any CPU
		{798870D3-7696-4DD4-A047-1E40FE0B9310}.Release|Any CPU.ActiveCfg = Release|Any CPU
		{798870D3-7696-4DD4-A047-1E40FE0B9310}.Release|Any CPU.Build.0 = Release|Any CPU
	EndGlobalSection
	GlobalSection(SolutionProperties) = preSolution
		HideSolutionNode = FALSE
	EndGlobalSection
	GlobalSection(ExtensibilityGlobals) = postSolution
		SolutionGuid = {A43A9C28-27DF-4DF5-92CA-268E915E0EA8}
	EndGlobalSection
EndGlobal
